// !$*UTF8*$!
{
	archiveVersion = 1;
	classes = {
	};
	objectVersion = 56;
	objects = {

/* Begin PBXBuildFile section */
		54361693F95D587E43F917DD /* Pods_1011LoginDemo.framework in Frameworks */ = {isa = PBXBuildFile; fileRef = 1A4E57A94151EFDD878D798A /* Pods_1011LoginDemo.framework */; };
		B404045C28F51E37006F5669 /* AppDelegate.swift in Sources */ = {isa = PBXBuildFile; fileRef = B404045B28F51E37006F5669 /* AppDelegate.swift */; };
		B404045E28F51E37006F5669 /* SceneDelegate.swift in Sources */ = {isa = PBXBuildFile; fileRef = B404045D28F51E37006F5669 /* SceneDelegate.swift */; };
		B404046028F51E37006F5669 /* ViewController.swift in Sources */ = {isa = PBXBuildFile; fileRef = B404045F28F51E37006F5669 /* ViewController.swift */; };
		B404046328F51E37006F5669 /* Main.storyboard in Resources */ = {isa = PBXBuildFile; fileRef = B404046128F51E37006F5669 /* Main.storyboard */; };
		B404046528F51E37006F5669 /* Assets.xcassets in Resources */ = {isa = PBXBuildFile; fileRef = B404046428F51E37006F5669 /* Assets.xcassets */; };
		B404046828F51E37006F5669 /* LaunchScreen.storyboard in Resources */ = {isa = PBXBuildFile; fileRef = B404046628F51E37006F5669 /* LaunchScreen.storyboard */; };
		B404047028F52008006F5669 /* ProfileViewController.swift in Sources */ = {isa = PBXBuildFile; fileRef = B404046F28F52008006F5669 /* ProfileViewController.swift */; };
		B48531FE28FE6F7A00023E86 /* FirstTableViewController.swift in Sources */ = {isa = PBXBuildFile; fileRef = B48531FD28FE6F7A00023E86 /* FirstTableViewController.swift */; };
		B485320028FF932300023E86 /* Schema.swift in Sources */ = {isa = PBXBuildFile; fileRef = B48531FF28FF932300023E86 /* Schema.swift */; };
		B485320228FF96C500023E86 /* FirstTableViewCell.swift in Sources */ = {isa = PBXBuildFile; fileRef = B485320128FF96C500023E86 /* FirstTableViewCell.swift */; };
		B485320428FFC2D700023E86 /* RegisterViewController.swift in Sources */ = {isa = PBXBuildFile; fileRef = B485320328FFC2D700023E86 /* RegisterViewController.swift */; };
		B485320629025EC800023E86 /* QRcodeViewController.swift in Sources */ = {isa = PBXBuildFile; fileRef = B485320529025EC800023E86 /* QRcodeViewController.swift */; };
		B48532082902619000023E86 /* NextPageViewController.swift in Sources */ = {isa = PBXBuildFile; fileRef = B48532072902619000023E86 /* NextPageViewController.swift */; };
/* End PBXBuildFile section */

/* Begin PBXFileReference section */
		1A4E57A94151EFDD878D798A /* Pods_1011LoginDemo.framework */ = {isa = PBXFileReference; explicitFileType = wrapper.framework; includeInIndex = 0; path = Pods_1011LoginDemo.framework; sourceTree = BUILT_PRODUCTS_DIR; };
		2CC1F03A58815540512B7992 /* Pods-1011LoginDemo.release.xcconfig */ = {isa = PBXFileReference; includeInIndex = 1; lastKnownFileType = text.xcconfig; name = "Pods-1011LoginDemo.release.xcconfig"; path = "Target Support Files/Pods-1011LoginDemo/Pods-1011LoginDemo.release.xcconfig"; sourceTree = "<group>"; };
		A7179375B44CA719552CA99E /* Pods-1011LoginDemo.debug.xcconfig */ = {isa = PBXFileReference; includeInIndex = 1; lastKnownFileType = text.xcconfig; name = "Pods-1011LoginDemo.debug.xcconfig"; path = "Target Support Files/Pods-1011LoginDemo/Pods-1011LoginDemo.debug.xcconfig"; sourceTree = "<group>"; };
		B404045828F51E37006F5669 /* 1011LoginDemo.app */ = {isa = PBXFileReference; explicitFileType = wrapper.application; includeInIndex = 0; path = 1011LoginDemo.app; sourceTree = BUILT_PRODUCTS_DIR; };
		B404045B28F51E37006F5669 /* AppDelegate.swift */ = {isa = PBXFileReference; lastKnownFileType = sourcecode.swift; path = AppDelegate.swift; sourceTree = "<group>"; };
		B404045D28F51E37006F5669 /* SceneDelegate.swift */ = {isa = PBXFileReference; lastKnownFileType = sourcecode.swift; path = SceneDelegate.swift; sourceTree = "<group>"; };
		B404045F28F51E37006F5669 /* ViewController.swift */ = {isa = PBXFileReference; lastKnownFileType = sourcecode.swift; path = ViewController.swift; sourceTree = "<group>"; };
		B404046228F51E37006F5669 /* Base */ = {isa = PBXFileReference; lastKnownFileType = file.storyboard; name = Base; path = Base.lproj/Main.storyboard; sourceTree = "<group>"; };
		B404046428F51E37006F5669 /* Assets.xcassets */ = {isa = PBXFileReference; lastKnownFileType = folder.assetcatalog; path = Assets.xcassets; sourceTree = "<group>"; };
		B404046728F51E37006F5669 /* Base */ = {isa = PBXFileReference; lastKnownFileType = file.storyboard; name = Base; path = Base.lproj/LaunchScreen.storyboard; sourceTree = "<group>"; };
		B404046928F51E37006F5669 /* Info.plist */ = {isa = PBXFileReference; lastKnownFileType = text.plist.xml; path = Info.plist; sourceTree = "<group>"; };
		B404046F28F52008006F5669 /* ProfileViewController.swift */ = {isa = PBXFileReference; lastKnownFileType = sourcecode.swift; path = ProfileViewController.swift; sourceTree = "<group>"; };
		B48531FD28FE6F7A00023E86 /* FirstTableViewController.swift */ = {isa = PBXFileReference; lastKnownFileType = sourcecode.swift; path = FirstTableViewController.swift; sourceTree = "<group>"; };
		B48531FF28FF932300023E86 /* Schema.swift */ = {isa = PBXFileReference; lastKnownFileType = sourcecode.swift; path = Schema.swift; sourceTree = "<group>"; };
		B485320128FF96C500023E86 /* FirstTableViewCell.swift */ = {isa = PBXFileReference; lastKnownFileType = sourcecode.swift; path = FirstTableViewCell.swift; sourceTree = "<group>"; };
		B485320328FFC2D700023E86 /* RegisterViewController.swift */ = {isa = PBXFileReference; lastKnownFileType = sourcecode.swift; path = RegisterViewController.swift; sourceTree = "<group>"; };
		B485320529025EC800023E86 /* QRcodeViewController.swift */ = {isa = PBXFileReference; lastKnownFileType = sourcecode.swift; path = QRcodeViewController.swift; sourceTree = "<group>"; };
		B48532072902619000023E86 /* NextPageViewController.swift */ = {isa = PBXFileReference; lastKnownFileType = sourcecode.swift; path = NextPageViewController.swift; sourceTree = "<group>"; };
/* End PBXFileReference section */

/* Begin PBXFrameworksBuildPhase section */
		B404045528F51E37006F5669 /* Frameworks */ = {
			isa = PBXFrameworksBuildPhase;
			buildActionMask = 2147483647;
			files = (
				54361693F95D587E43F917DD /* Pods_1011LoginDemo.framework in Frameworks */,
			);
			runOnlyForDeploymentPostprocessing = 0;
		};
/* End PBXFrameworksBuildPhase section */

/* Begin PBXGroup section */
		37657311FCFF94107C4D1461 /* Frameworks */ = {
			isa = PBXGroup;
			children = (
				1A4E57A94151EFDD878D798A /* Pods_1011LoginDemo.framework */,
			);
			name = Frameworks;
			sourceTree = "<group>";
		};
		B404044F28F51E37006F5669 = {
			isa = PBXGroup;
			children = (
				B404045A28F51E37006F5669 /* 1011LoginDemo */,
				B404045928F51E37006F5669 /* Products */,
				BB7C915207E472658D1B58DB /* Pods */,
				37657311FCFF94107C4D1461 /* Frameworks */,
			);
			sourceTree = "<group>";
		};
		B404045928F51E37006F5669 /* Products */ = {
			isa = PBXGroup;
			children = (
				B404045828F51E37006F5669 /* 1011LoginDemo.app */,
			);
			name = Products;
			sourceTree = "<group>";
		};
		B404045A28F51E37006F5669 /* 1011LoginDemo */ = {
			isa = PBXGroup;
			children = (
				B404045B28F51E37006F5669 /* AppDelegate.swift */,
				B404045D28F51E37006F5669 /* SceneDelegate.swift */,
				B404045F28F51E37006F5669 /* ViewController.swift */,
				B485320328FFC2D700023E86 /* RegisterViewController.swift */,
				B404046F28F52008006F5669 /* ProfileViewController.swift */,
				B48531FD28FE6F7A00023E86 /* FirstTableViewController.swift */,
				B485320128FF96C500023E86 /* FirstTableViewCell.swift */,
				B485320529025EC800023E86 /* QRcodeViewController.swift */,
				B48532072902619000023E86 /* NextPageViewController.swift */,
				B48531FF28FF932300023E86 /* Schema.swift */,
				B404046128F51E37006F5669 /* Main.storyboard */,
				B404046428F51E37006F5669 /* Assets.xcassets */,
				B404046628F51E37006F5669 /* LaunchScreen.storyboard */,
				B404046928F51E37006F5669 /* Info.plist */,
			);
			path = 1011LoginDemo;
			sourceTree = "<group>";
		};
		BB7C915207E472658D1B58DB /* Pods */ = {
			isa = PBXGroup;
			children = (
				A7179375B44CA719552CA99E /* Pods-1011LoginDemo.debug.xcconfig */,
				2CC1F03A58815540512B7992 /* Pods-1011LoginDemo.release.xcconfig */,
			);
			path = Pods;
			sourceTree = "<group>";
		};
/* End PBXGroup section */

/* Begin PBXNativeTarget section */
		B404045728F51E37006F5669 /* 1011LoginDemo */ = {
			isa = PBXNativeTarget;
			buildConfigurationList = B404046C28F51E37006F5669 /* Build configuration list for PBXNativeTarget "1011LoginDemo" */;
			buildPhases = (
				C500F29DC976875A114C202A /* [CP] Check Pods Manifest.lock */,
				B404045428F51E37006F5669 /* Sources */,
				B404045528F51E37006F5669 /* Frameworks */,
				B404045628F51E37006F5669 /* Resources */,
				BCC062E9C2573F1BBA9689AF /* [CP] Embed Pods Frameworks */,
			);
			buildRules = (
			);
			dependencies = (
			);
			name = 1011LoginDemo;
			productName = 1011LoginDemo;
			productReference = B404045828F51E37006F5669 /* 1011LoginDemo.app */;
			productType = "com.apple.product-type.application";
		};
/* End PBXNativeTarget section */

/* Begin PBXProject section */
		B404045028F51E37006F5669 /* Project object */ = {
			isa = PBXProject;
			attributes = {
				BuildIndependentTargetsInParallel = 1;
				LastSwiftUpdateCheck = 1400;
				LastUpgradeCheck = 1400;
				TargetAttributes = {
					B404045728F51E37006F5669 = {
						CreatedOnToolsVersion = 14.0;
					};
				};
			};
			buildConfigurationList = B404045328F51E37006F5669 /* Build configuration list for PBXProject "1011LoginDemo" */;
			compatibilityVersion = "Xcode 14.0";
			developmentRegion = en;
			hasScannedForEncodings = 0;
			knownRegions = (
				en,
				Base,
			);
			mainGroup = B404044F28F51E37006F5669;
			productRefGroup = B404045928F51E37006F5669 /* Products */;
			projectDirPath = "";
			projectRoot = "";
			targets = (
				B404045728F51E37006F5669 /* 1011LoginDemo */,
			);
		};
/* End PBXProject section */

/* Begin PBXResourcesBuildPhase section */
		B404045628F51E37006F5669 /* Resources */ = {
			isa = PBXResourcesBuildPhase;
			buildActionMask = 2147483647;
			files = (
				B404046828F51E37006F5669 /* LaunchScreen.storyboard in Resources */,
				B404046528F51E37006F5669 /* Assets.xcassets in Resources */,
				B404046328F51E37006F5669 /* Main.storyboard in Resources */,
			);
			runOnlyForDeploymentPostprocessing = 0;
		};
/* End PBXResourcesBuildPhase section */

/* Begin PBXShellScriptBuildPhase section */
		BCC062E9C2573F1BBA9689AF /* [CP] Embed Pods Frameworks */ = {
			isa = PBXShellScriptBuildPhase;
			buildActionMask = 2147483647;
			files = (
			);
			inputFileListPaths = (
				"${PODS_ROOT}/Target Support Files/Pods-1011LoginDemo/Pods-1011LoginDemo-frameworks-${CONFIGURATION}-input-files.xcfilelist",
			);
			name = "[CP] Embed Pods Frameworks";
			outputFileListPaths = (
				"${PODS_ROOT}/Target Support Files/Pods-1011LoginDemo/Pods-1011LoginDemo-frameworks-${CONFIGURATION}-output-files.xcfilelist",
			);
			runOnlyForDeploymentPostprocessing = 0;
			shellPath = /bin/sh;
			shellScript = "\"${PODS_ROOT}/Target Support Files/Pods-1011LoginDemo/Pods-1011LoginDemo-frameworks.sh\"\n";
			showEnvVarsInLog = 0;
		};
		C500F29DC976875A114C202A /* [CP] Check Pods Manifest.lock */ = {
			isa = PBXShellScriptBuildPhase;
			buildActionMask = 2147483647;
			files = (
			);
			inputFileListPaths = (
			);
			inputPaths = (
				"${PODS_PODFILE_DIR_PATH}/Podfile.lock",
				"${PODS_ROOT}/Manifest.lock",
			);
			name = "[CP] Check Pods Manifest.lock";
			outputFileListPaths = (
			);
			outputPaths = (
				"$(DERIVED_FILE_DIR)/Pods-1011LoginDemo-checkManifestLockResult.txt",
			);
			runOnlyForDeploymentPostprocessing = 0;
			shellPath = /bin/sh;
			shellScript = "diff \"${PODS_PODFILE_DIR_PATH}/Podfile.lock\" \"${PODS_ROOT}/Manifest.lock\" > /dev/null\nif [ $? != 0 ] ; then\n    # print error to STDERR\n    echo \"error: The sandbox is not in sync with the Podfile.lock. Run 'pod install' or update your CocoaPods installation.\" >&2\n    exit 1\nfi\n# This output is used by Xcode 'outputs' to avoid re-running this script phase.\necho \"SUCCESS\" > \"${SCRIPT_OUTPUT_FILE_0}\"\n";
			showEnvVarsInLog = 0;
		};
/* End PBXShellScriptBuildPhase section */

/* Begin PBXSourcesBuildPhase section */
		B404045428F51E37006F5669 /* Sources */ = {
			isa = PBXSourcesBuildPhase;
			buildActionMask = 2147483647;
			files = (
				B485320028FF932300023E86 /* Schema.swift in Sources */,
				B404046028F51E37006F5669 /* ViewController.swift in Sources */,
				B404045C28F51E37006F5669 /* AppDelegate.swift in Sources */,
				B485320428FFC2D700023E86 /* RegisterViewController.swift in Sources */,
				B48532082902619000023E86 /* NextPageViewController.swift in Sources */,
				B404047028F52008006F5669 /* ProfileViewController.swift in Sources */,
				B485320629025EC800023E86 /* QRcodeViewController.swift in Sources */,
				B404045E28F51E37006F5669 /* SceneDelegate.swift in Sources */,
				B48531FE28FE6F7A00023E86 /* FirstTableViewController.swift in Sources */,
				B485320228FF96C500023E86 /* FirstTableViewCell.swift in Sources */,
			);
			runOnlyForDeploymentPostprocessing = 0;
		};
/* End PBXSourcesBuildPhase section */

/* Begin PBXVariantGroup section */
		B404046128F51E37006F5669 /* Main.storyboard */ = {
			isa = PBXVariantGroup;
			children = (
				B404046228F51E37006F5669 /* Base */,
			);
			name = Main.storyboard;
			sourceTree = "<group>";
		};
		B404046628F51E37006F5669 /* LaunchScreen.storyboard */ = {
			isa = PBXVariantGroup;
			children = (
				B404046728F51E37006F5669 /* Base */,
			);
			name = LaunchScreen.storyboard;
			sourceTree = "<group>";
		};
/* End PBXVariantGroup section */

/* Begin XCBuildConfiguration section */
		B404046A28F51E37006F5669 /* Debug */ = {
			isa = XCBuildConfiguration;
			buildSettings = {
				ALWAYS_SEARCH_USER_PATHS = NO;
				CLANG_ANALYZER_NONNULL = YES;
				CLANG_ANALYZER_NUMBER_OBJECT_CONVERSION = YES_AGGRESSIVE;
				CLANG_CXX_LANGUAGE_STANDARD = "gnu++20";
				CLANG_ENABLE_MODULES = YES;
				CLANG_ENABLE_OBJC_ARC = YES;
				CLANG_ENABLE_OBJC_WEAK = YES;
				CLANG_WARN_BLOCK_CAPTURE_AUTORELEASING = YES;
				CLANG_WARN_BOOL_CONVERSION = YES;
				CLANG_WARN_COMMA = YES;
				CLANG_WARN_CONSTANT_CONVERSION = YES;
				CLANG_WARN_DEPRECATED_OBJC_IMPLEMENTATIONS = YES;
				CLANG_WARN_DIRECT_OBJC_ISA_USAGE = YES_ERROR;
				CLANG_WARN_DOCUMENTATION_COMMENTS = YES;
				CLANG_WARN_EMPTY_BODY = YES;
				CLANG_WARN_ENUM_CONVERSION = YES;
				CLANG_WARN_INFINITE_RECURSION = YES;
				CLANG_WARN_INT_CONVERSION = YES;
				CLANG_WARN_NON_LITERAL_NULL_CONVERSION = YES;
				CLANG_WARN_OBJC_IMPLICIT_RETAIN_SELF = YES;
				CLANG_WARN_OBJC_LITERAL_CONVERSION = YES;
				CLANG_WARN_OBJC_ROOT_CLASS = YES_ERROR;
				CLANG_WARN_QUOTED_INCLUDE_IN_FRAMEWORK_HEADER = YES;
				CLANG_WARN_RANGE_LOOP_ANALYSIS = YES;
				CLANG_WARN_STRICT_PROTOTYPES = YES;
				CLANG_WARN_SUSPICIOUS_MOVE = YES;
				CLANG_WARN_UNGUARDED_AVAILABILITY = YES_AGGRESSIVE;
				CLANG_WARN_UNREACHABLE_CODE = YES;
				CLANG_WARN__DUPLICATE_METHOD_MATCH = YES;
				COPY_PHASE_STRIP = NO;
				DEBUG_INFORMATION_FORMAT = dwarf;
				ENABLE_STRICT_OBJC_MSGSEND = YES;
				ENABLE_TESTABILITY = YES;
				GCC_C_LANGUAGE_STANDARD = gnu11;
				GCC_DYNAMIC_NO_PIC = NO;
				GCC_NO_COMMON_BLOCKS = YES;
				GCC_OPTIMIZATION_LEVEL = 0;
				GCC_PREPROCESSOR_DEFINITIONS = (
					"DEBUG=1",
					"$(inherited)",
				);
				GCC_WARN_64_TO_32_BIT_CONVERSION = YES;
				GCC_WARN_ABOUT_RETURN_TYPE = YES_ERROR;
				GCC_WARN_UNDECLARED_SELECTOR = YES;
				GCC_WARN_UNINITIALIZED_AUTOS = YES_AGGRESSIVE;
				GCC_WARN_UNUSED_FUNCTION = YES;
				GCC_WARN_UNUSED_VARIABLE = YES;
				IPHONEOS_DEPLOYMENT_TARGET = 16.0;
				MTL_ENABLE_DEBUG_INFO = INCLUDE_SOURCE;
				MTL_FAST_MATH = YES;
				ONLY_ACTIVE_ARCH = YES;
				SDKROOT = iphoneos;
				SWIFT_ACTIVE_COMPILATION_CONDITIONS = DEBUG;
				SWIFT_OPTIMIZATION_LEVEL = "-Onone";
			};
			name = Debug;
		};
		B404046B28F51E37006F5669 /* Release */ = {
			isa = XCBuildConfiguration;
			buildSettings = {
				ALWAYS_SEARCH_USER_PATHS = NO;
				CLANG_ANALYZER_NONNULL = YES;
				CLANG_ANALYZER_NUMBER_OBJECT_CONVERSION = YES_AGGRESSIVE;
				CLANG_CXX_LANGUAGE_STANDARD = "gnu++20";
				CLANG_ENABLE_MODULES = YES;
				CLANG_ENABLE_OBJC_ARC = YES;
				CLANG_ENABLE_OBJC_WEAK = YES;
				CLANG_WARN_BLOCK_CAPTURE_AUTORELEASING = YES;
				CLANG_WARN_BOOL_CONVERSION = YES;
				CLANG_WARN_COMMA = YES;
				CLANG_WARN_CONSTANT_CONVERSION = YES;
				CLANG_WARN_DEPRECATED_OBJC_IMPLEMENTATIONS = YES;
				CLANG_WARN_DIRECT_OBJC_ISA_USAGE = YES_ERROR;
				CLANG_WARN_DOCUMENTATION_COMMENTS = YES;
				CLANG_WARN_EMPTY_BODY = YES;
				CLANG_WARN_ENUM_CONVERSION = YES;
				CLANG_WARN_INFINITE_RECURSION = YES;
				CLANG_WARN_INT_CONVERSION = YES;
				CLANG_WARN_NON_LITERAL_NULL_CONVERSION = YES;
				CLANG_WARN_OBJC_IMPLICIT_RETAIN_SELF = YES;
				CLANG_WARN_OBJC_LITERAL_CONVERSION = YES;
				CLANG_WARN_OBJC_ROOT_CLASS = YES_ERROR;
				CLANG_WARN_QUOTED_INCLUDE_IN_FRAMEWORK_HEADER = YES;
				CLANG_WARN_RANGE_LOOP_ANALYSIS = YES;
				CLANG_WARN_STRICT_PROTOTYPES = YES;
				CLANG_WARN_SUSPICIOUS_MOVE = YES;
				CLANG_WARN_UNGUARDED_AVAILABILITY = YES_AGGRESSIVE;
				CLANG_WARN_UNREACHABLE_CODE = YES;
				CLANG_WARN__DUPLICATE_METHOD_MATCH = YES;
				COPY_PHASE_STRIP = NO;
				DEBUG_INFORMATION_FORMAT = "dwarf-with-dsym";
				ENABLE_NS_ASSERTIONS = NO;
				ENABLE_STRICT_OBJC_MSGSEND = YES;
				GCC_C_LANGUAGE_STANDARD = gnu11;
				GCC_NO_COMMON_BLOCKS = YES;
				GCC_WARN_64_TO_32_BIT_CONVERSION = YES;
				GCC_WARN_ABOUT_RETURN_TYPE = YES_ERROR;
				GCC_WARN_UNDECLARED_SELECTOR = YES;
				GCC_WARN_UNINITIALIZED_AUTOS = YES_AGGRESSIVE;
				GCC_WARN_UNUSED_FUNCTION = YES;
				GCC_WARN_UNUSED_VARIABLE = YES;
				IPHONEOS_DEPLOYMENT_TARGET = 16.0;
				MTL_ENABLE_DEBUG_INFO = NO;
				MTL_FAST_MATH = YES;
				SDKROOT = iphoneos;
				SWIFT_COMPILATION_MODE = wholemodule;
				SWIFT_OPTIMIZATION_LEVEL = "-O";
				VALIDATE_PRODUCT = YES;
			};
			name = Release;
		};
		B404046D28F51E37006F5669 /* Debug */ = {
			isa = XCBuildConfiguration;
			baseConfigurationReference = A7179375B44CA719552CA99E /* Pods-1011LoginDemo.debug.xcconfig */;
			buildSettings = {
				ASSETCATALOG_COMPILER_APPICON_NAME = AppIcon;
				ASSETCATALOG_COMPILER_GLOBAL_ACCENT_COLOR_NAME = AccentColor;
				CODE_SIGN_STYLE = Automatic;
				CURRENT_PROJECT_VERSION = 1;
				DEVELOPMENT_TEAM = 35X95HVC6K;
				GENERATE_INFOPLIST_FILE = YES;
				INFOPLIST_FILE = 1011LoginDemo/Info.plist;
				INFOPLIST_KEY_UIApplicationSupportsIndirectInputEvents = YES;
				INFOPLIST_KEY_UILaunchStoryboardName = LaunchScreen;
				INFOPLIST_KEY_UIMainStoryboardFile = Main;
				INFOPLIST_KEY_UISupportedInterfaceOrientations_iPad = "UIInterfaceOrientationPortrait UIInterfaceOrientationPortraitUpsideDown UIInterfaceOrientationLandscapeLeft UIInterfaceOrientationLandscapeRight";
				INFOPLIST_KEY_UISupportedInterfaceOrientations_iPhone = "UIInterfaceOrientationPortrait UIInterfaceOrientationLandscapeLeft UIInterfaceOrientationLandscapeRight";
				IPHONEOS_DEPLOYMENT_TARGET = 15.0;
				LD_RUNPATH_SEARCH_PATHS = (
					"$(inherited)",
					"@executable_path/Frameworks",
				);
				MARKETING_VERSION = 1.0;
				PRODUCT_BUNDLE_IDENTIFIER = "com.huang.-011LoginDemo";
				PRODUCT_NAME = "$(TARGET_NAME)";
				SWIFT_EMIT_LOC_STRINGS = YES;
				SWIFT_VERSION = 5.0;
				TARGETED_DEVICE_FAMILY = "1,2";
			};
			name = Debug;
		};
		B404046E28F51E37006F5669 /* Release */ = {
			isa = XCBuildConfiguration;
			baseConfigurationReference = 2CC1F03A58815540512B7992 /* Pods-1011LoginDemo.release.xcconfig */;
			buildSettings = {
				ASSETCATALOG_COMPILER_APPICON_NAME = AppIcon;
				ASSETCATALOG_COMPILER_GLOBAL_ACCENT_COLOR_NAME = AccentColor;
				CODE_SIGN_STYLE = Automatic;
				CURRENT_PROJECT_VERSION = 1;
				DEVELOPMENT_TEAM = 35X95HVC6K;
				GENERATE_INFOPLIST_FILE = YES;
				INFOPLIST_FILE = 1011LoginDemo/Info.plist;
				INFOPLIST_KEY_UIApplicationSupportsIndirectInputEvents = YES;
				INFOPLIST_KEY_UILaunchStoryboardName = LaunchScreen;
				INFOPLIST_KEY_UIMainStoryboardFile = Main;
				INFOPLIST_KEY_UISupportedInterfaceOrientations_iPad = "UIInterfaceOrientationPortrait UIInterfaceOrientationPortraitUpsideDown UIInterfaceOrientationLandscapeLeft UIInterfaceOrientationLandscapeRight";
				INFOPLIST_KEY_UISupportedInterfaceOrientations_iPhone = "UIInterfaceOrientationPortrait UIInterfaceOrientationLandscapeLeft UIInterfaceOrientationLandscapeRight";
				IPHONEOS_DEPLOYMENT_TARGET = 15.0;
				LD_RUNPATH_SEARCH_PATHS = (
					"$(inherited)",
					"@executable_path/Frameworks",
				);
				MARKETING_VERSION = 1.0;
				PRODUCT_BUNDLE_IDENTIFIER = "com.huang.-011LoginDemo";
				PRODUCT_NAME = "$(TARGET_NAME)";
				SWIFT_EMIT_LOC_STRINGS = YES;
				SWIFT_VERSION = 5.0;
				TARGETED_DEVICE_FAMILY = "1,2";
			};
			name = Release;
		};
/* End XCBuildConfiguration section */

/* Begin XCConfigurationList section */
		B404045328F51E37006F5669 /* Build configuration list for PBXProject "1011LoginDemo" */ = {
			isa = XCConfigurationList;
			buildConfigurations = (
				B404046A28F51E37006F5669 /* Debug */,
				B404046B28F51E37006F5669 /* Release */,
			);
			defaultConfigurationIsVisible = 0;
			defaultConfigurationName = Release;
		};
		B404046C28F51E37006F5669 /* Build configuration list for PBXNativeTarget "1011LoginDemo" */ = {
			isa = XCConfigurationList;
			buildConfigurations = (
				B404046D28F51E37006F5669 /* Debug */,
				B404046E28F51E37006F5669 /* Release */,
			);
			defaultConfigurationIsVisible = 0;
			defaultConfigurationName = Release;
		};
/* End XCConfigurationList section */
	};
	rootObject = B404045028F51E37006F5669 /* Project object */;
}
